<?xml version="1.0" encoding="utf-8"?>
<Project ToolsVersion="4.0" xmlns="http://schemas.microsoft.com/developer/msbuild/2003">
  <ItemGroup>
    <Filter Include="Source Files">
      <UniqueIdentifier>{4FC737F1-C7A5-4376-A066-2A32D752A2FF}</UniqueIdentifier>
      <Extensions>cpp;c;cc;cxx;def;odl;idl;hpj;bat;asm;asmx</Extensions>
    </Filter>
    <Filter Include="Header Files">
      <UniqueIdentifier>{93995380-89BD-4b04-88EB-625FBE52EBFB}</UniqueIdentifier>
      <Extensions>h;hh;hpp;hxx;hm;inl;inc;xsd</Extensions>
    </Filter>
    <Filter Include="Resource Files">
      <UniqueIdentifier>{67DA6AB6-F800-4c08-8B7A-83BB121AAD01}</UniqueIdentifier>
      <Extensions>rc;ico;cur;bmp;dlg;rc2;rct;bin;rgs;gif;jpg;jpeg;jpe;resx;tiff;tif;png;wav;mfcribbon-ms</Extensions>
    </Filter>
    <Filter Include="Header Files\util">
      <UniqueIdentifier>{472a310b-2acb-4ff0-81ab-04c3ea90b284}</UniqueIdentifier>
    </Filter>
    <Filter Include="Source Files\util">
      <UniqueIdentifier>{aba0df2b-a406-44f4-9620-e5bda4371222}</UniqueIdentifier>
    </Filter>
  </ItemGroup>
  <ItemGroup>
    <ClCompile Include="buildW.cpp">
      <Filter>Source Files</Filter>
    </ClCompile>
    <ClCompile Include="util\util.cc">
      <Filter>Source Files\util</Filter>
    </ClCompile>
    <ClCompile Include="util\exception.cc">
      <Filter>Source Files\util</Filter>
    </ClCompile>
    <ClCompile Include="util\configure.cc">
      <Filter>Source Files\util</Filter>
    </ClCompile>
    <ClCompile Include="smatrix.cc">
      <Filter>Source Files</Filter>
    </ClCompile>
    <ClCompile Include="affinity.cc">
      <Filter>Source Files</Filter>
    </ClCompile>
    <ClCompile Include="ic.cc">
      <Filter>Source Files</Filter>
    </ClCompile>
    <ClCompile Include="util\image.cc">
      <Filter>Source Files\util</Filter>
    </ClCompile>
    <ClCompile Include="util\random.cc">
      <Filter>Source Files\util</Filter>
    </ClCompile>
    <ClCompile Include="util\message.cc">
      <Filter>Source Files\util</Filter>
    </ClCompile>
    <ClCompile Include="util\timer.cc">
      <Filter>Source Files\util</Filter>
    </ClCompile>
    <ClCompile Include="util\string.cc">
      <Filter>Source Files\util</Filter>
    </ClCompile>
    <ClCompile Include="util\configFileLexer.cc">
      <Filter>Source Files\util</Filter>
    </ClCompile>
  </ItemGroup>
  <ItemGroup>
    <ClInclude Include="util\types.hh">
      <Filter>Header Files\util</Filter>
    </ClInclude>
    <ClInclude Include="util\array.hh">
      <Filter>Header Files\util</Filter>
    </ClInclude>
    <ClInclude Include="util\util.hh">
      <Filter>Header Files\util</Filter>
    </ClInclude>
    <ClInclude Include="util\exception.hh">
      <Filter>Header Files\util</Filter>
    </ClInclude>
    <ClInclude Include="util\string.hh">
      <Filter>Header Files\util</Filter>
    </ClInclude>
    <ClInclude Include="util\configure.hh">
      <Filter>Header Files\util</Filter>
    </ClInclude>
    <ClInclude Include="smatrix.hh">
      <Filter>Header Files</Filter>
    </ClInclude>
    <ClInclude Include="affinity.hh">
      <Filter>Header Files</Filter>
    </ClInclude>
    <ClInclude Include="ic.hh">
      <Filter>Header Files</Filter>
    </ClInclude>
    <ClInclude Include="util\image.hh">
      <Filter>Header Files\util</Filter>
    </ClInclude>
    <ClInclude Include="util\random.hh">
      <Filter>Header Files\util</Filter>
    </ClInclude>
    <ClInclude Include="util\sort.hh">
      <Filter>Header Files\util</Filter>
    </ClInclude>
    <ClInclude Include="util\jerror.h">
      <Filter>Header Files\util</Filter>
    </ClInclude>
    <ClInclude Include="util\jconfig.h">
      <Filter>Header Files\util</Filter>
    </ClInclude>
    <ClInclude Include="util\jmorecfg.h">
      <Filter>Header Files\util</Filter>
    </ClInclude>
    <ClInclude Include="util\message.hh">
      <Filter>Header Files\util</Filter>
    </ClInclude>
    <ClInclude Include="util\timer.hh">
      <Filter>Header Files\util</Filter>
    </ClInclude>
    <ClInclude Include="util\unistd.h">
      <Filter>Header Files\util</Filter>
    </ClInclude>
    <ClInclude Include="util\jpeglib.h">
      <Filter>Header Files\util</Filter>
    </ClInclude>
  </ItemGroup>
  <ItemGroup>
    <None Include="util\configFileLexer.lex">
      <Filter>Source Files\util</Filter>
    </None>
  </ItemGroup>
</Project>